<?xml version="1.0" encoding="utf-8"?>
<Project ToolsVersion="4.0" xmlns="http://schemas.microsoft.com/developer/msbuild/2003">
  <ItemGroup>
    <Filter Include="Source Files">
      <UniqueIdentifier>{4FC737F1-C7A5-4376-A066-2A32D752A2FF}</UniqueIdentifier>
      <Extensions>cpp;c;cc;cxx;def;odl;idl;hpj;bat;asm;asmx</Extensions>
    </Filter>
    <Filter Include="Header Files">
      <UniqueIdentifier>{93995380-89BD-4b04-88EB-625FBE52EBFB}</UniqueIdentifier>
      <Extensions>h;hpp;hxx;hm;inl;inc;xsd</Extensions>
    </Filter>
    <Filter Include="Resource Files">
      <UniqueIdentifier>{67DA6AB6-F800-4c08-8B7A-83BB121AAD01}</UniqueIdentifier>
      <Extensions>rc;ico;cur;bmp;dlg;rc2;rct;bin;rgs;gif;jpg;jpeg;jpe;resx;tiff;tif;png;wav;mfcribbon-ms</Extensions>
    </Filter>
  </ItemGroup>
  <ItemGroup>
    <ClCompile Include="CRTest.cxx">
      <Filter>Source Files</Filter>
    </ClCompile>
    <ClCompile Include="src\ActionRegister.cc">
      <Filter>Source Files</Filter>
    </ClCompile>
    <ClCompile Include="src\CryDetector.cc">
      <Filter>Source Files</Filter>
    </ClCompile>
    <ClCompile Include="src\CryGenerator.cc">
      <Filter>Source Files</Filter>
    </ClCompile>
    <ClCompile Include="src\CryHit.cc">
      <Filter>Source Files</Filter>
    </ClCompile>
    <ClCompile Include="src\CryPositionSD.cc">
      <Filter>Source Files</Filter>
    </ClCompile>
    <ClCompile Include="src\EventAction.cc">
      <Filter>Source Files</Filter>
    </ClCompile>
    <ClCompile Include="src\GdmlConstruction.cc">
      <Filter>Source Files</Filter>
    </ClCompile>
    <ClCompile Include="src\Generator.cc">
      <Filter>Source Files</Filter>
    </ClCompile>
    <ClCompile Include="src\OpRecorder.cc">
      <Filter>Source Files</Filter>
    </ClCompile>
    <ClCompile Include="src\PhysicsList.cc">
      <Filter>Source Files</Filter>
    </ClCompile>
    <ClCompile Include="src\RunAction.cc">
      <Filter>Source Files</Filter>
    </ClCompile>
    <ClCompile Include="src\StackAction.cc">
      <Filter>Source Files</Filter>
    </ClCompile>
    <ClCompile Include="src\StepAction.cc">
      <Filter>Source Files</Filter>
    </ClCompile>
    <ClCompile Include="src\SysConstruction.cc">
      <Filter>Source Files</Filter>
    </ClCompile>
    <ClCompile Include="src\SysMessenger.cc">
      <Filter>Source Files</Filter>
    </ClCompile>
  </ItemGroup>
  <ItemGroup>
    <None Include="inc\ActionRegister.hh">
      <Filter>Header Files</Filter>
    </None>
    <None Include="inc\Analysis.hh">
      <Filter>Header Files</Filter>
    </None>
    <None Include="inc\CryDetector.hh">
      <Filter>Header Files</Filter>
    </None>
    <None Include="inc\CryGenerator.hh">
      <Filter>Header Files</Filter>
    </None>
    <None Include="inc\CryHit.hh">
      <Filter>Header Files</Filter>
    </None>
    <None Include="inc\CryPositionSD.hh">
      <Filter>Header Files</Filter>
    </None>
    <None Include="inc\EventAction.hh">
      <Filter>Header Files</Filter>
    </None>
    <None Include="inc\GdmlConstruction.hh">
      <Filter>Header Files</Filter>
    </None>
    <None Include="inc\Generator.hh">
      <Filter>Header Files</Filter>
    </None>
    <None Include="inc\OpRecorder.hh">
      <Filter>Header Files</Filter>
    </None>
    <None Include="inc\PhysicsList.hh">
      <Filter>Header Files</Filter>
    </None>
    <None Include="inc\RNGWrapper.hh">
      <Filter>Header Files</Filter>
    </None>
    <None Include="inc\RunAction.hh">
      <Filter>Header Files</Filter>
    </None>
    <None Include="inc\StackAction.hh">
      <Filter>Header Files</Filter>
    </None>
    <None Include="inc\StepAction.hh">
      <Filter>Header Files</Filter>
    </None>
    <None Include="inc\SysConstruction.hh">
      <Filter>Header Files</Filter>
    </None>
    <None Include="inc\SysMessenger.hh">
      <Filter>Header Files</Filter>
    </None>
    <None Include="mac\default.gdml">
      <Filter>Resource Files</Filter>
    </None>
    <None Include="mac\gui.mac">
      <Filter>Resource Files</Filter>
    </None>
    <None Include="mac\icons.mac">
      <Filter>Resource Files</Filter>
    </None>
    <None Include="mac\init.mac">
      <Filter>Resource Files</Filter>
    </None>
    <None Include="mac\opticalsurfaces.gdml">
      <Filter>Resource Files</Filter>
    </None>
    <None Include="mac\run.mac">
      <Filter>Resource Files</Filter>
    </None>
    <None Include="mac\scintillator.gdml">
      <Filter>Resource Files</Filter>
    </None>
    <None Include="mac\setup.file">
      <Filter>Resource Files</Filter>
    </None>
    <None Include="mac\vis.mac">
      <Filter>Resource Files</Filter>
    </None>
  </ItemGroup>
</Project>